
Microsoft Visual Studio Solution File, Format Version 12.00
# Visual Studio Version 17
VisualStudioVersion = 17.8.34330.188
MinimumVisualStudioVersion = 10.0.40219.1
Project("{FAE04EC0-301F-11D3-BF4B-00C04F79EFBC}") = "Araç Takip Sistemi", "Araç Takip Sistemi\Araç Takip Sistemi.csproj", "{48DA0934-361E-4CC4-8042-5C1393E179F0}"
EndProject
Global
	GlobalSection(SolutionConfigurationPlatforms) = preSolution
		Debug|Any CPU = Debug|Any CPU
		Release|Any CPU = Release|Any CPU
	EndGlobalSection
	GlobalSection(ProjectConfigurationPlatforms) = postSolution
		{48DA0934-361E-4CC4-8042-5C1393E179F0}.Debug|Any CPU.ActiveCfg = Debug|Any CPU
		{48DA0934-361E-4CC4-8042-5C1393E179F0}.Debug|Any CPU.Build.0 = Debug|Any CPU
		{48DA0934-361E-4CC4-8042-5C1393E179F0}.Release|Any CPU.ActiveCfg = Release|Any CPU
		{48DA0934-361E-4CC4-8042-5C1393E179F0}.Release|Any CPU.Build.0 = Release|Any CPU
	EndGlobalSection
	GlobalSection(SolutionProperties) = preSolution
		HideSolutionNode = FALSE
	EndGlobalSection
	GlobalSection(ExtensibilityGlobals) = postSolution
		SolutionGuid = {437834F9-ED13-4E23-BE7C-C479CF21C144}
	EndGlobalSection
EndGlobal
